// !$*UTF8*$!
{
	archiveVersion = 1;
	classes = {
	};
	objectVersion = 56;
	objects = {

/* Begin PBXBuildFile section */
		92D7B7252B7BFEC5008A5B0E /* CentralManagerNotActiveView.swift in Sources */ = {isa = PBXBuildFile; fileRef = 92D7B7242B7BFEC5008A5B0E /* CentralManagerNotActiveView.swift */; };
		92D7B7272B7BFF5E008A5B0E /* CentralManagerIsActiveView.swift in Sources */ = {isa = PBXBuildFile; fileRef = 92D7B7262B7BFF5E008A5B0E /* CentralManagerIsActiveView.swift */; };
		92D7B7292B7BFFB5008A5B0E /* ScanningView.swift in Sources */ = {isa = PBXBuildFile; fileRef = 92D7B7282B7BFFB5008A5B0E /* ScanningView.swift */; };
		92D7B72B2B7BFFE1008A5B0E /* SpeakerControllerView.swift in Sources */ = {isa = PBXBuildFile; fileRef = 92D7B72A2B7BFFE1008A5B0E /* SpeakerControllerView.swift */; };
		92F993932B7B4DB700C1F94B /* JBL_SoundTgrApp.swift in Sources */ = {isa = PBXBuildFile; fileRef = 92F993922B7B4DB700C1F94B /* JBL_SoundTgrApp.swift */; };
		92F993952B7B4DB700C1F94B /* ContentView.swift in Sources */ = {isa = PBXBuildFile; fileRef = 92F993942B7B4DB700C1F94B /* ContentView.swift */; };
		92F993972B7B4DB800C1F94B /* Assets.xcassets in Resources */ = {isa = PBXBuildFile; fileRef = 92F993962B7B4DB800C1F94B /* Assets.xcassets */; };
		92F9939A2B7B4DB800C1F94B /* Preview Assets.xcassets in Resources */ = {isa = PBXBuildFile; fileRef = 92F993992B7B4DB800C1F94B /* Preview Assets.xcassets */; };
		92F993A12B7B4E4300C1F94B /* BluetoothManager.swift in Sources */ = {isa = PBXBuildFile; fileRef = 92F993A02B7B4E4300C1F94B /* BluetoothManager.swift */; };
/* End PBXBuildFile section */

/* Begin PBXFileReference section */
		92D7B7242B7BFEC5008A5B0E /* CentralManagerNotActiveView.swift */ = {isa = PBXFileReference; lastKnownFileType = sourcecode.swift; path = CentralManagerNotActiveView.swift; sourceTree = "<group>"; };
		92D7B7262B7BFF5E008A5B0E /* CentralManagerIsActiveView.swift */ = {isa = PBXFileReference; lastKnownFileType = sourcecode.swift; path = CentralManagerIsActiveView.swift; sourceTree = "<group>"; };
		92D7B7282B7BFFB5008A5B0E /* ScanningView.swift */ = {isa = PBXFileReference; lastKnownFileType = sourcecode.swift; path = ScanningView.swift; sourceTree = "<group>"; };
		92D7B72A2B7BFFE1008A5B0E /* SpeakerControllerView.swift */ = {isa = PBXFileReference; lastKnownFileType = sourcecode.swift; path = SpeakerControllerView.swift; sourceTree = "<group>"; };
		92F9938F2B7B4DB700C1F94B /* JBL SoundTgr.app */ = {isa = PBXFileReference; explicitFileType = wrapper.application; includeInIndex = 0; path = "JBL SoundTgr.app"; sourceTree = BUILT_PRODUCTS_DIR; };
		92F993922B7B4DB700C1F94B /* JBL_SoundTgrApp.swift */ = {isa = PBXFileReference; lastKnownFileType = sourcecode.swift; path = JBL_SoundTgrApp.swift; sourceTree = "<group>"; };
		92F993942B7B4DB700C1F94B /* ContentView.swift */ = {isa = PBXFileReference; lastKnownFileType = sourcecode.swift; path = ContentView.swift; sourceTree = "<group>"; };
		92F993962B7B4DB800C1F94B /* Assets.xcassets */ = {isa = PBXFileReference; lastKnownFileType = folder.assetcatalog; path = Assets.xcassets; sourceTree = "<group>"; };
		92F993992B7B4DB800C1F94B /* Preview Assets.xcassets */ = {isa = PBXFileReference; lastKnownFileType = folder.assetcatalog; path = "Preview Assets.xcassets"; sourceTree = "<group>"; };
		92F993A02B7B4E4300C1F94B /* BluetoothManager.swift */ = {isa = PBXFileReference; lastKnownFileType = sourcecode.swift; path = BluetoothManager.swift; sourceTree = "<group>"; };
/* End PBXFileReference section */

/* Begin PBXFrameworksBuildPhase section */
		92F9938C2B7B4DB700C1F94B /* Frameworks */ = {
			isa = PBXFrameworksBuildPhase;
			buildActionMask = 2147483647;
			files = (
			);
			runOnlyForDeploymentPostprocessing = 0;
		};
/* End PBXFrameworksBuildPhase section */

/* Begin PBXGroup section */
		92D7B72C2B7C00E7008A5B0E /* BluetoothManager */ = {
			isa = PBXGroup;
			children = (
				92F993A02B7B4E4300C1F94B /* BluetoothManager.swift */,
			);
			path = BluetoothManager;
			sourceTree = "<group>";
		};
		92D7B72D2B7C00F2008A5B0E /* Views */ = {
			isa = PBXGroup;
			children = (
				92F993942B7B4DB700C1F94B /* ContentView.swift */,
				92D7B7262B7BFF5E008A5B0E /* CentralManagerIsActiveView.swift */,
				92D7B72A2B7BFFE1008A5B0E /* SpeakerControllerView.swift */,
			);
			path = Views;
			sourceTree = "<group>";
		};
		92D7B72E2B7C00F6008A5B0E /* Screens */ = {
			isa = PBXGroup;
			children = (
				92D7B7242B7BFEC5008A5B0E /* CentralManagerNotActiveView.swift */,
				92D7B7282B7BFFB5008A5B0E /* ScanningView.swift */,
			);
			path = Screens;
			sourceTree = "<group>";
		};
		92F993862B7B4DB700C1F94B = {
			isa = PBXGroup;
			children = (
				92F993912B7B4DB700C1F94B /* JBL SoundTgr */,
				92F993902B7B4DB700C1F94B /* Products */,
			);
			sourceTree = "<group>";
		};
		92F993902B7B4DB700C1F94B /* Products */ = {
			isa = PBXGroup;
			children = (
				92F9938F2B7B4DB700C1F94B /* JBL SoundTgr.app */,
			);
			name = Products;
			sourceTree = "<group>";
		};
		92F993912B7B4DB700C1F94B /* JBL SoundTgr */ = {
			isa = PBXGroup;
			children = (
				92F993922B7B4DB700C1F94B /* JBL_SoundTgrApp.swift */,
				92D7B72D2B7C00F2008A5B0E /* Views */,
				92D7B72E2B7C00F6008A5B0E /* Screens */,
				92D7B72C2B7C00E7008A5B0E /* BluetoothManager */,
				92F993962B7B4DB800C1F94B /* Assets.xcassets */,
				92F993982B7B4DB800C1F94B /* Preview Content */,
			);
			path = "JBL SoundTgr";
			sourceTree = "<group>";
		};
		92F993982B7B4DB800C1F94B /* Preview Content */ = {
			isa = PBXGroup;
			children = (
				92F993992B7B4DB800C1F94B /* Preview Assets.xcassets */,
			);
			path = "Preview Content";
			sourceTree = "<group>";
		};
/* End PBXGroup section */

/* Begin PBXNativeTarget section */
		92F9938E2B7B4DB700C1F94B /* JBL SoundTgr */ = {
			isa = PBXNativeTarget;
			buildConfigurationList = 92F9939D2B7B4DB800C1F94B /* Build configuration list for PBXNativeTarget "JBL SoundTgr" */;
			buildPhases = (
				92F9938B2B7B4DB700C1F94B /* Sources */,
				92F9938C2B7B4DB700C1F94B /* Frameworks */,
				92F9938D2B7B4DB700C1F94B /* Resources */,
			);
			buildRules = (
			);
			dependencies = (
			);
			name = "JBL SoundTgr";
			productName = "JBL SoundTgr";
			productReference = 92F9938F2B7B4DB700C1F94B /* JBL SoundTgr.app */;
			productType = "com.apple.product-type.application";
		};
/* End PBXNativeTarget section */

/* Begin PBXProject section */
		92F993872B7B4DB700C1F94B /* Project object */ = {
			isa = PBXProject;
			attributes = {
				BuildIndependentTargetsInParallel = 1;
				LastSwiftUpdateCheck = 1520;
				LastUpgradeCheck = 1520;
				TargetAttributes = {
					92F9938E2B7B4DB700C1F94B = {
						CreatedOnToolsVersion = 15.2;
					};
				};
			};
			buildConfigurationList = 92F9938A2B7B4DB700C1F94B /* Build configuration list for PBXProject "JBL SoundTgr" */;
			compatibilityVersion = "Xcode 14.0";
			developmentRegion = en;
			hasScannedForEncodings = 0;
			knownRegions = (
				en,
				Base,
			);
			mainGroup = 92F993862B7B4DB700C1F94B;
			productRefGroup = 92F993902B7B4DB700C1F94B /* Products */;
			projectDirPath = "";
			projectRoot = "";
			targets = (
				92F9938E2B7B4DB700C1F94B /* JBL SoundTgr */,
			);
		};
/* End PBXProject section */

/* Begin PBXResourcesBuildPhase section */
		92F9938D2B7B4DB700C1F94B /* Resources */ = {
			isa = PBXResourcesBuildPhase;
			buildActionMask = 2147483647;
			files = (
				92F9939A2B7B4DB800C1F94B /* Preview Assets.xcassets in Resources */,
				92F993972B7B4DB800C1F94B /* Assets.xcassets in Resources */,
			);
			runOnlyForDeploymentPostprocessing = 0;
		};
/* End PBXResourcesBuildPhase section */

/* Begin PBXSourcesBuildPhase section */
		92F9938B2B7B4DB700C1F94B /* Sources */ = {
			isa = PBXSourcesBuildPhase;
			buildActionMask = 2147483647;
			files = (
				92D7B7252B7BFEC5008A5B0E /* CentralManagerNotActiveView.swift in Sources */,
				92D7B7272B7BFF5E008A5B0E /* CentralManagerIsActiveView.swift in Sources */,
				92F993952B7B4DB700C1F94B /* ContentView.swift in Sources */,
				92D7B7292B7BFFB5008A5B0E /* ScanningView.swift in Sources */,
				92F993A12B7B4E4300C1F94B /* BluetoothManager.swift in Sources */,
				92D7B72B2B7BFFE1008A5B0E /* SpeakerControllerView.swift in Sources */,
				92F993932B7B4DB700C1F94B /* JBL_SoundTgrApp.swift in Sources */,
			);
			runOnlyForDeploymentPostprocessing = 0;
		};
/* End PBXSourcesBuildPhase section */

/* Begin XCBuildConfiguration section */
		92F9939B2B7B4DB800C1F94B /* Debug */ = {
			isa = XCBuildConfiguration;
			buildSettings = {
				ALWAYS_SEARCH_USER_PATHS = NO;
				ASSETCATALOG_COMPILER_GENERATE_SWIFT_ASSET_SYMBOL_EXTENSIONS = YES;
				CLANG_ANALYZER_NONNULL = YES;
				CLANG_ANALYZER_NUMBER_OBJECT_CONVERSION = YES_AGGRESSIVE;
				CLANG_CXX_LANGUAGE_STANDARD = "gnu++20";
				CLANG_ENABLE_MODULES = YES;
				CLANG_ENABLE_OBJC_ARC = YES;
				CLANG_ENABLE_OBJC_WEAK = YES;
				CLANG_WARN_BLOCK_CAPTURE_AUTORELEASING = YES;
				CLANG_WARN_BOOL_CONVERSION = YES;
				CLANG_WARN_COMMA = YES;
				CLANG_WARN_CONSTANT_CONVERSION = YES;
				CLANG_WARN_DEPRECATED_OBJC_IMPLEMENTATIONS = YES;
				CLANG_WARN_DIRECT_OBJC_ISA_USAGE = YES_ERROR;
				CLANG_WARN_DOCUMENTATION_COMMENTS = YES;
				CLANG_WARN_EMPTY_BODY = YES;
				CLANG_WARN_ENUM_CONVERSION = YES;
				CLANG_WARN_INFINITE_RECURSION = YES;
				CLANG_WARN_INT_CONVERSION = YES;
				CLANG_WARN_NON_LITERAL_NULL_CONVERSION = YES;
				CLANG_WARN_OBJC_IMPLICIT_RETAIN_SELF = YES;
				CLANG_WARN_OBJC_LITERAL_CONVERSION = YES;
				CLANG_WARN_OBJC_ROOT_CLASS = YES_ERROR;
				CLANG_WARN_QUOTED_INCLUDE_IN_FRAMEWORK_HEADER = YES;
				CLANG_WARN_RANGE_LOOP_ANALYSIS = YES;
				CLANG_WARN_STRICT_PROTOTYPES = YES;
				CLANG_WARN_SUSPICIOUS_MOVE = YES;
				CLANG_WARN_UNGUARDED_AVAILABILITY = YES_AGGRESSIVE;
				CLANG_WARN_UNREACHABLE_CODE = YES;
				CLANG_WARN__DUPLICATE_METHOD_MATCH = YES;
				COPY_PHASE_STRIP = NO;
				DEBUG_INFORMATION_FORMAT = dwarf;
				ENABLE_STRICT_OBJC_MSGSEND = YES;
				ENABLE_TESTABILITY = YES;
				ENABLE_USER_SCRIPT_SANDBOXING = YES;
				GCC_C_LANGUAGE_STANDARD = gnu17;
				GCC_DYNAMIC_NO_PIC = NO;
				GCC_NO_COMMON_BLOCKS = YES;
				GCC_OPTIMIZATION_LEVEL = 0;
				GCC_PREPROCESSOR_DEFINITIONS = (
					"DEBUG=1",
					"$(inherited)",
				);
				GCC_WARN_64_TO_32_BIT_CONVERSION = YES;
				GCC_WARN_ABOUT_RETURN_TYPE = YES_ERROR;
				GCC_WARN_UNDECLARED_SELECTOR = YES;
				GCC_WARN_UNINITIALIZED_AUTOS = YES_AGGRESSIVE;
				GCC_WARN_UNUSED_FUNCTION = YES;
				GCC_WARN_UNUSED_VARIABLE = YES;
				IPHONEOS_DEPLOYMENT_TARGET = 17.2;
				LOCALIZATION_PREFERS_STRING_CATALOGS = YES;
				MTL_ENABLE_DEBUG_INFO = INCLUDE_SOURCE;
				MTL_FAST_MATH = YES;
				ONLY_ACTIVE_ARCH = YES;
				SDKROOT = iphoneos;
				SWIFT_ACTIVE_COMPILATION_CONDITIONS = "DEBUG $(inherited)";
				SWIFT_OPTIMIZATION_LEVEL = "-Onone";
			};
			name = Debug;
		};
		92F9939C2B7B4DB800C1F94B /* Release */ = {
			isa = XCBuildConfiguration;
			buildSettings = {
				ALWAYS_SEARCH_USER_PATHS = NO;
				ASSETCATALOG_COMPILER_GENERATE_SWIFT_ASSET_SYMBOL_EXTENSIONS = YES;
				CLANG_ANALYZER_NONNULL = YES;
				CLANG_ANALYZER_NUMBER_OBJECT_CONVERSION = YES_AGGRESSIVE;
				CLANG_CXX_LANGUAGE_STANDARD = "gnu++20";
				CLANG_ENABLE_MODULES = YES;
				CLANG_ENABLE_OBJC_ARC = YES;
				CLANG_ENABLE_OBJC_WEAK = YES;
				CLANG_WARN_BLOCK_CAPTURE_AUTORELEASING = YES;
				CLANG_WARN_BOOL_CONVERSION = YES;
				CLANG_WARN_COMMA = YES;
				CLANG_WARN_CONSTANT_CONVERSION = YES;
				CLANG_WARN_DEPRECATED_OBJC_IMPLEMENTATIONS = YES;
				CLANG_WARN_DIRECT_OBJC_ISA_USAGE = YES_ERROR;
				CLANG_WARN_DOCUMENTATION_COMMENTS = YES;
				CLANG_WARN_EMPTY_BODY = YES;
				CLANG_WARN_ENUM_CONVERSION = YES;
				CLANG_WARN_INFINITE_RECURSION = YES;
				CLANG_WARN_INT_CONVERSION = YES;
				CLANG_WARN_NON_LITERAL_NULL_CONVERSION = YES;
				CLANG_WARN_OBJC_IMPLICIT_RETAIN_SELF = YES;
				CLANG_WARN_OBJC_LITERAL_CONVERSION = YES;
				CLANG_WARN_OBJC_ROOT_CLASS = YES_ERROR;
				CLANG_WARN_QUOTED_INCLUDE_IN_FRAMEWORK_HEADER = YES;
				CLANG_WARN_RANGE_LOOP_ANALYSIS = YES;
				CLANG_WARN_STRICT_PROTOTYPES = YES;
				CLANG_WARN_SUSPICIOUS_MOVE = YES;
				CLANG_WARN_UNGUARDED_AVAILABILITY = YES_AGGRESSIVE;
				CLANG_WARN_UNREACHABLE_CODE = YES;
				CLANG_WARN__DUPLICATE_METHOD_MATCH = YES;
				COPY_PHASE_STRIP = NO;
				DEBUG_INFORMATION_FORMAT = "dwarf-with-dsym";
				ENABLE_NS_ASSERTIONS = NO;
				ENABLE_STRICT_OBJC_MSGSEND = YES;
				ENABLE_USER_SCRIPT_SANDBOXING = YES;
				GCC_C_LANGUAGE_STANDARD = gnu17;
				GCC_NO_COMMON_BLOCKS = YES;
				GCC_WARN_64_TO_32_BIT_CONVERSION = YES;
				GCC_WARN_ABOUT_RETURN_TYPE = YES_ERROR;
				GCC_WARN_UNDECLARED_SELECTOR = YES;
				GCC_WARN_UNINITIALIZED_AUTOS = YES_AGGRESSIVE;
				GCC_WARN_UNUSED_FUNCTION = YES;
				GCC_WARN_UNUSED_VARIABLE = YES;
				IPHONEOS_DEPLOYMENT_TARGET = 17.2;
				LOCALIZATION_PREFERS_STRING_CATALOGS = YES;
				MTL_ENABLE_DEBUG_INFO = NO;
				MTL_FAST_MATH = YES;
				SDKROOT = iphoneos;
				SWIFT_COMPILATION_MODE = wholemodule;
				VALIDATE_PRODUCT = YES;
			};
			name = Release;
		};
		92F9939E2B7B4DB800C1F94B /* Debug */ = {
			isa = XCBuildConfiguration;
			buildSettings = {
				ASSETCATALOG_COMPILER_APPICON_NAME = AppIcon;
				ASSETCATALOG_COMPILER_GLOBAL_ACCENT_COLOR_NAME = AccentColor;
				CODE_SIGN_STYLE = Automatic;
				CURRENT_PROJECT_VERSION = 1;
				DEVELOPMENT_ASSET_PATHS = "\"JBL SoundTgr/Preview Content\"";
				DEVELOPMENT_TEAM = AFF37M4XK8;
				ENABLE_PREVIEWS = YES;
				GENERATE_INFOPLIST_FILE = YES;
				INFOPLIST_KEY_LSApplicationCategoryType = "public.app-category.utilities";
				INFOPLIST_KEY_NSBluetoothAlwaysUsageDescription = "This app requires Bluetooth to communicate with your JBL product";
				INFOPLIST_KEY_UIApplicationSceneManifest_Generation = YES;
				INFOPLIST_KEY_UIApplicationSupportsIndirectInputEvents = YES;
				INFOPLIST_KEY_UILaunchScreen_Generation = YES;
				INFOPLIST_KEY_UIRequiresFullScreen = YES;
				INFOPLIST_KEY_UISupportedInterfaceOrientations = "UIInterfaceOrientationPortrait UIInterfaceOrientationPortraitUpsideDown";
				IPHONEOS_DEPLOYMENT_TARGET = 15.5;
				LD_RUNPATH_SEARCH_PATHS = (
					"$(inherited)",
					"@executable_path/Frameworks",
				);
				MARKETING_VERSION = 1.0;
				PRODUCT_BUNDLE_IDENTIFIER = "com.XboxOneSogie720.JBL-SoundTgr";
				PRODUCT_NAME = "$(TARGET_NAME)";
				SWIFT_EMIT_LOC_STRINGS = YES;
				SWIFT_VERSION = 5.0;
				TARGETED_DEVICE_FAMILY = "1,2";
			};
			name = Debug;
		};
		92F9939F2B7B4DB800C1F94B /* Release */ = {
			isa = XCBuildConfiguration;
			buildSettings = {
				ASSETCATALOG_COMPILER_APPICON_NAME = AppIcon;
				ASSETCATALOG_COMPILER_GLOBAL_ACCENT_COLOR_NAME = AccentColor;
				CODE_SIGN_STYLE = Automatic;
				CURRENT_PROJECT_VERSION = 1;
				DEVELOPMENT_ASSET_PATHS = "\"JBL SoundTgr/Preview Content\"";
				DEVELOPMENT_TEAM = AFF37M4XK8;
				ENABLE_PREVIEWS = YES;
				GENERATE_INFOPLIST_FILE = YES;
				INFOPLIST_KEY_LSApplicationCategoryType = "public.app-category.utilities";
				INFOPLIST_KEY_NSBluetoothAlwaysUsageDescription = "This app requires Bluetooth to communicate with your JBL product";
				INFOPLIST_KEY_UIApplicationSceneManifest_Generation = YES;
				INFOPLIST_KEY_UIApplicationSupportsIndirectInputEvents = YES;
				INFOPLIST_KEY_UILaunchScreen_Generation = YES;
				INFOPLIST_KEY_UIRequiresFullScreen = YES;
				INFOPLIST_KEY_UISupportedInterfaceOrientations = "UIInterfaceOrientationPortrait UIInterfaceOrientationPortraitUpsideDown";
				IPHONEOS_DEPLOYMENT_TARGET = 15.5;
				LD_RUNPATH_SEARCH_PATHS = (
					"$(inherited)",
					"@executable_path/Frameworks",
				);
				MARKETING_VERSION = 1.0;
				PRODUCT_BUNDLE_IDENTIFIER = "com.XboxOneSogie720.JBL-SoundTgr";
				PRODUCT_NAME = "$(TARGET_NAME)";
				SWIFT_EMIT_LOC_STRINGS = YES;
				SWIFT_VERSION = 5.0;
				TARGETED_DEVICE_FAMILY = "1,2";
			};
			name = Release;
		};
/* End XCBuildConfiguration section */

/* Begin XCConfigurationList section */
		92F9938A2B7B4DB700C1F94B /* Build configuration list for PBXProject "JBL SoundTgr" */ = {
			isa = XCConfigurationList;
			buildConfigurations = (
				92F9939B2B7B4DB800C1F94B /* Debug */,
				92F9939C2B7B4DB800C1F94B /* Release */,
			);
			defaultConfigurationIsVisible = 0;
			defaultConfigurationName = Release;
		};
		92F9939D2B7B4DB800C1F94B /* Build configuration list for PBXNativeTarget "JBL SoundTgr" */ = {
			isa = XCConfigurationList;
			buildConfigurations = (
				92F9939E2B7B4DB800C1F94B /* Debug */,
				92F9939F2B7B4DB800C1F94B /* Release */,
			);
			defaultConfigurationIsVisible = 0;
			defaultConfigurationName = Release;
		};
/* End XCConfigurationList section */
	};
	rootObject = 92F993872B7B4DB700C1F94B /* Project object */;
}
